
Microsoft Visual Studio Solution File, Format Version 12.00
# Visual Studio Version 17
VisualStudioVersion = 17.4.33213.308
MinimumVisualStudioVersion = 10.0.40219.1
Project("{9A19103F-16F7-4668-BE54-9A1E7A4F7556}") = "Sparky", "Sparky\Sparky.csproj", "{CDA3D239-8E99-4694-86F2-9A06D4EC63C3}"
EndProject
Project("{9A19103F-16F7-4668-BE54-9A1E7A4F7556}") = "Sparky.MSTest", "Sparky.MSTest\Sparky.MSTest.csproj", "{61F455E4-EF9D-46EF-828C-9D00F209E7F4}"
EndProject
Project("{9A19103F-16F7-4668-BE54-9A1E7A4F7556}") = "SparkyNUnitTest", "SparkyNUnitTest\SparkyNUnitTest.csproj", "{C5D30D78-DAA6-4539-9CCD-862187ED59BA}"
EndProject
Project("{FAE04EC0-301F-11D3-BF4B-00C04F79EFBC}") = "SparkyXUnitTest", "SparkyXUnitTest\SparkyXUnitTest.csproj", "{4D3B9FE2-3EDF-4BCF-82E3-E28456E7CBB7}"
EndProject
Global
	GlobalSection(SolutionConfigurationPlatforms) = preSolution
		Debug|Any CPU = Debug|Any CPU
		Release|Any CPU = Release|Any CPU
	EndGlobalSection
	GlobalSection(ProjectConfigurationPlatforms) = postSolution
		{CDA3D239-8E99-4694-86F2-9A06D4EC63C3}.Debug|Any CPU.ActiveCfg = Debug|Any CPU
		{CDA3D239-8E99-4694-86F2-9A06D4EC63C3}.Debug|Any CPU.Build.0 = Debug|Any CPU
		{CDA3D239-8E99-4694-86F2-9A06D4EC63C3}.Release|Any CPU.ActiveCfg = Release|Any CPU
		{CDA3D239-8E99-4694-86F2-9A06D4EC63C3}.Release|Any CPU.Build.0 = Release|Any CPU
		{61F455E4-EF9D-46EF-828C-9D00F209E7F4}.Debug|Any CPU.ActiveCfg = Debug|Any CPU
		{61F455E4-EF9D-46EF-828C-9D00F209E7F4}.Debug|Any CPU.Build.0 = Debug|Any CPU
		{61F455E4-EF9D-46EF-828C-9D00F209E7F4}.Release|Any CPU.ActiveCfg = Release|Any CPU
		{61F455E4-EF9D-46EF-828C-9D00F209E7F4}.Release|Any CPU.Build.0 = Release|Any CPU
		{C5D30D78-DAA6-4539-9CCD-862187ED59BA}.Debug|Any CPU.ActiveCfg = Debug|Any CPU
		{C5D30D78-DAA6-4539-9CCD-862187ED59BA}.Debug|Any CPU.Build.0 = Debug|Any CPU
		{C5D30D78-DAA6-4539-9CCD-862187ED59BA}.Release|Any CPU.ActiveCfg = Release|Any CPU
		{C5D30D78-DAA6-4539-9CCD-862187ED59BA}.Release|Any CPU.Build.0 = Release|Any CPU
		{4D3B9FE2-3EDF-4BCF-82E3-E28456E7CBB7}.Debug|Any CPU.ActiveCfg = Debug|Any CPU
		{4D3B9FE2-3EDF-4BCF-82E3-E28456E7CBB7}.Debug|Any CPU.Build.0 = Debug|Any CPU
		{4D3B9FE2-3EDF-4BCF-82E3-E28456E7CBB7}.Release|Any CPU.ActiveCfg = Release|Any CPU
		{4D3B9FE2-3EDF-4BCF-82E3-E28456E7CBB7}.Release|Any CPU.Build.0 = Release|Any CPU
	EndGlobalSection
	GlobalSection(SolutionProperties) = preSolution
		HideSolutionNode = FALSE
	EndGlobalSection
	GlobalSection(ExtensibilityGlobals) = postSolution
		SolutionGuid = {B73E953A-A0BE-4DAA-9FFA-87D990939E3F}
	EndGlobalSection
EndGlobal
